{
  "name": "additive-rbf-batcher",
  "version": "1.0.0",
  "lockfileVersion": 2,
  "requires": true,
  "packages": {
    "": {
      "name": "additive-rbf-batcher",
      "version": "1.0.0",
      "license": "ISC",
      "dependencies": {
        "bcurl": "^0.2.0"
      },
      "devDependencies": {
        "bcoin": "github:bcoin-org/bcoin",
        "bmocha": "^2.1.7",
        "bpkg": "^0.6.2"
      }
    },
    "node_modules/bcoin": {
      "version": "2.2.0",
      "resolved": "git+ssh://git@github.com/bcoin-org/bcoin.git#615a6d9f16688eceb15d3a65d1e6c8c510cc37d1",
      "bundleDependencies": [
        "bcfg",
        "bcrypto",
        "bcurl",
        "bdb",
        "bdns",
        "bevent",
        "bfile",
        "bfilter",
        "bheep",
        "binet",
        "blgr",
        "blru",
        "blst",
        "bmutex",
        "brq",
        "bs32",
        "bsert",
        "bsock",
        "bsocks",
        "btcp",
        "buffer-map",
        "bufio",
        "bupnp",
        "bval",
        "bweb",
        "loady",
        "n64",
        "nan"
      ],
      "dev": true,
      "license": "MIT",
      "dependencies": {
        "bcfg": "git+https://github.com/bcoin-org/bcfg.git#semver:~0.1.7",
        "bcrypto": "git+https://github.com/bcoin-org/bcrypto.git#semver:~5.5.0",
        "bcurl": "git+https://github.com/bcoin-org/bcurl.git#semver:^0.2.0",
        "bdb": "git+https://github.com/bcoin-org/bdb.git#semver:~1.4.0",
        "bdns": "git+https://github.com/bcoin-org/bdns.git#semver:~0.1.5",
        "bevent": "git+https://github.com/bcoin-org/bevent.git#semver:~0.1.5",
        "bfile": "git+https://github.com/bcoin-org/bfile.git#semver:~0.2.1",
        "bfilter": "git+https://github.com/bcoin-org/bfilter.git#semver:~2.3.0",
        "bheep": "git+https://github.com/bcoin-org/bheep.git#semver:~0.1.5",
        "binet": "git+https://github.com/bcoin-org/binet.git#semver:~0.3.7",
        "blgr": "git+https://github.com/bcoin-org/blgr.git#semver:~0.2.0",
        "blru": "git+https://github.com/bcoin-org/blru.git#semver:~0.1.6",
        "blst": "git+https://github.com/bcoin-org/blst.git#semver:~0.1.5",
        "bmutex": "git+https://github.com/bcoin-org/bmutex.git#semver:~0.1.6",
        "brq": "git+https://github.com/bcoin-org/brq.git#semver:~0.1.8",
        "bs32": "git+https://github.com/bcoin-org/bs32.git#semver:=0.1.6",
        "bsert": "git+https://github.com/chjj/bsert.git#semver:~0.0.10",
        "bsock": "git+https://github.com/bcoin-org/bsock.git#semver:~0.1.9",
        "bsocks": "git+https://github.com/bcoin-org/bsocks.git#semver:~0.2.6",
        "btcp": "git+https://github.com/bcoin-org/btcp.git#semver:~0.1.5",
        "buffer-map": "git+https://github.com/chjj/buffer-map.git#semver:~0.0.7",
        "bufio": "git+https://github.com/bcoin-org/bufio.git#semver:~1.0.7",
        "bupnp": "git+https://github.com/bcoin-org/bupnp.git#semver:~0.2.6",
        "bval": "git+https://github.com/bcoin-org/bval.git#semver:~0.1.6",
        "bweb": "git+https://github.com/bcoin-org/bweb.git#semver:~0.1.10",
        "loady": "git+https://github.com/chjj/loady.git#semver:~0.0.1",
        "n64": "git+https://github.com/chjj/n64.git#semver:~0.2.10",
        "nan": "git+https://github.com/braydonf/nan.git#semver:=2.14.0"
      },
      "bin": {
        "bcoin": "bin/bcoin",
        "bcoin-cli": "bin/bcoin-cli",
        "bcoin-node": "bin/node",
        "bcoin-spvnode": "bin/spvnode",
        "bwallet": "bin/bwallet",
        "bwallet-cli": "bin/bwallet-cli"
      },
      "engines": {
        "node": ">=10.0.0"
      }
    },
    "node_modules/bcoin/node_modules/bcfg": {
      "version": "0.1.7",
      "dev": true,
      "inBundle": true,
      "license": "MIT",
      "dependencies": {
        "bsert": "~0.0.10"
      },
      "engines": {
        "node": ">=8.0.0"
      }
    },
    "node_modules/bcoin/node_modules/bcrypto": {
      "version": "5.5.0",
      "dev": true,
      "hasInstallScript": true,
      "inBundle": true,
      "license": "MIT",
      "dependencies": {
        "bufio": "~1.0.7",
        "loady": "~0.0.5"
      },
      "engines": {
        "node": ">=8.0.0"
      }
    },
    "node_modules/bcoin/node_modules/bcurl": {
      "version": "0.2.0",
      "dev": true,
      "inBundle": true,
      "license": "MIT",
      "dependencies": {
        "brq": "~0.1.8",
        "bsert": "~0.0.10",
        "bsock": "~0.1.9"
      },
      "engines": {
        "node": ">=8.0.0"
      }
    },
    "node_modules/bcoin/node_modules/bdb": {
      "version": "1.4.0",
      "dev": true,
      "hasInstallScript": true,
      "inBundle": true,
      "license": "MIT",
      "dependencies": {
        "bsert": "~0.0.10",
        "loady": "~0.0.5"
      },
      "engines": {
        "node": ">=8.6.0"
      }
    },
    "node_modules/bcoin/node_modules/bdns": {
      "version": "0.1.5",
      "dev": true,
      "inBundle": true,
      "license": "MIT",
      "dependencies": {
        "bsert": "~0.0.10"
      },
      "engines": {
        "node": ">=8.0.0"
      }
    },
    "node_modules/bcoin/node_modules/bevent": {
      "version": "0.1.5",
      "dev": true,
      "inBundle": true,
      "license": "MIT",
      "dependencies": {
        "bsert": "~0.0.10"
      },
      "engines": {
        "node": ">=8.0.0"
      }
    },
    "node_modules/bcoin/node_modules/bfile": {
      "version": "0.2.2",
      "dev": true,
      "inBundle": true,
      "license": "MIT",
      "engines": {
        "node": ">=8.0.0"
      }
    },
    "node_modules/bcoin/node_modules/bfilter": {
      "version": "2.3.0",
      "dev": true,
      "inBundle": true,
      "license": "MIT",
      "dependencies": {
        "bcrypto": "git+https://github.com/bcoin-org/bcrypto.git#semver:~5.5.0",
        "bsert": "git+https://github.com/chjj/bsert.git#semver:~0.0.10",
        "bufio": "git+https://github.com/bcoin-org/bufio.git#semver:~1.0.6",
        "loady": "git+https://github.com/chjj/loady.git#semver:~0.0.1"
      },
      "engines": {
        "node": ">=8.0.0"
      }
    },
    "node_modules/bcoin/node_modules/bheep": {
      "version": "0.1.5",
      "dev": true,
      "inBundle": true,
      "license": "MIT",
      "dependencies": {
        "bsert": "~0.0.10"
      },
      "engines": {
        "node": ">=8.0.0"
      }
    },
    "node_modules/bcoin/node_modules/binet": {
      "version": "0.3.7",
      "dev": true,
      "inBundle": true,
      "license": "MIT",
      "dependencies": {
        "bs32": "~0.1.5",
        "bsert": "~0.0.10"
      },
      "engines": {
        "node": ">=8.0.0"
      }
    },
    "node_modules/bcoin/node_modules/blgr": {
      "version": "0.2.0",
      "dev": true,
      "inBundle": true,
      "license": "MIT",
      "dependencies": {
        "bsert": "~0.0.10"
      },
      "engines": {
        "node": ">=8.0.0"
      }
    },
    "node_modules/bcoin/node_modules/blru": {
      "version": "0.1.6",
      "dev": true,
      "inBundle": true,
      "license": "MIT",
      "dependencies": {
        "bsert": "~0.0.10"
      },
      "engines": {
        "node": ">=8.0.0"
      }
    },
    "node_modules/bcoin/node_modules/blst": {
      "version": "0.1.5",
      "dev": true,
      "inBundle": true,
      "license": "MIT",
      "dependencies": {
        "bsert": "~0.0.10"
      },
      "engines": {
        "node": ">=8.0.0"
      }
    },
    "node_modules/bcoin/node_modules/bmutex": {
      "version": "0.1.6",
      "dev": true,
      "inBundle": true,
      "license": "MIT",
      "dependencies": {
        "bsert": "~0.0.10"
      },
      "engines": {
        "node": ">=8.0.0"
      }
    },
    "node_modules/bcoin/node_modules/brq": {
      "version": "0.1.8",
      "dev": true,
      "inBundle": true,
      "license": "MIT",
      "dependencies": {
        "bsert": "~0.0.10"
      },
      "engines": {
        "node": ">=8.0.0"
      }
    },
    "node_modules/bcoin/node_modules/bs32": {
      "version": "0.1.6",
      "dev": true,
      "inBundle": true,
      "license": "MIT",
      "dependencies": {
        "bsert": "~0.0.10"
      },
      "engines": {
        "node": ">=8.0.0"
      }
    },
    "node_modules/bcoin/node_modules/bsert": {
      "version": "0.0.10",
      "dev": true,
      "inBundle": true,
      "license": "MIT",
      "engines": {
        "node": ">=8.0.0"
      }
    },
    "node_modules/bcoin/node_modules/bsock": {
      "version": "0.1.9",
      "dev": true,
      "inBundle": true,
      "license": "MIT",
      "dependencies": {
        "bsert": "~0.0.10"
      },
      "engines": {
        "node": ">=8.0.0"
      }
    },
    "node_modules/bcoin/node_modules/bsocks": {
      "version": "0.2.6",
      "dev": true,
      "inBundle": true,
      "license": "MIT",
      "dependencies": {
        "binet": "~0.3.5",
        "bsert": "~0.0.10"
      },
      "engines": {
        "node": ">=8.0.0"
      }
    },
    "node_modules/bcoin/node_modules/btcp": {
      "version": "0.1.5",
      "dev": true,
      "inBundle": true,
      "license": "MIT",
      "engines": {
        "node": ">=8.0.0"
      }
    },
    "node_modules/bcoin/node_modules/buffer-map": {
      "version": "0.0.7",
      "dev": true,
      "inBundle": true,
      "license": "MIT",
      "engines": {
        "node": ">=8.0.0"
      }
    },
    "node_modules/bcoin/node_modules/bufio": {
      "version": "1.0.7",
      "dev": true,
      "inBundle": true,
      "license": "MIT",
      "engines": {
        "node": ">=8.0.0"
      }
    },
    "node_modules/bcoin/node_modules/bupnp": {
      "version": "0.2.6",
      "dev": true,
      "inBundle": true,
      "license": "MIT",
      "dependencies": {
        "binet": "~0.3.5",
        "brq": "~0.1.7",
        "bsert": "~0.0.10"
      },
      "engines": {
        "node": ">=8.0.0"
      }
    },
    "node_modules/bcoin/node_modules/bval": {
      "version": "0.1.6",
      "dev": true,
      "inBundle": true,
      "license": "MIT",
      "dependencies": {
        "bsert": "~0.0.10"
      },
      "engines": {
        "node": ">=8.0.0"
      }
    },
    "node_modules/bcoin/node_modules/bweb": {
      "version": "0.1.10",
      "dev": true,
      "inBundle": true,
      "license": "MIT",
      "dependencies": {
        "bsert": "~0.0.10",
        "bsock": "~0.1.8"
      },
      "bin": {
        "bweb": "bin/bweb"
      },
      "engines": {
        "node": ">=8.0.0"
      }
    },
    "node_modules/bcoin/node_modules/loady": {
      "version": "0.0.5",
      "dev": true,
      "inBundle": true,
      "license": "MIT",
      "engines": {
        "node": ">=8.0.0"
      }
    },
    "node_modules/bcoin/node_modules/n64": {
      "version": "0.2.10",
      "dev": true,
      "inBundle": true,
      "license": "MIT",
      "engines": {
        "node": ">=2.0.0"
      }
    },
    "node_modules/bcoin/node_modules/nan": {
      "version": "2.14.0",
      "dev": true,
      "inBundle": true,
      "license": "MIT"
    },
    "node_modules/bcurl": {
      "version": "0.2.0",
      "resolved": "https://registry.npmjs.org/bcurl/-/bcurl-0.2.0.tgz",
      "integrity": "sha512-uBWc/w3AqjAfo6/+ODoRSoY/w/C7UaU/9AYcXjxgObTyUf3lvV5jCuAU/dSZyWysDyWBQkPzllOd7KZkwJHnwg==",
      "dependencies": {
        "brq": "~0.1.8",
        "bsert": "~0.0.10",
        "bsock": "~0.1.9"
      },
      "engines": {
        "node": ">=8.0.0"
      }
    },
    "node_modules/bmocha": {
      "version": "2.1.7",
      "resolved": "https://registry.npmjs.org/bmocha/-/bmocha-2.1.7.tgz",
      "integrity": "sha512-JaNhxnynduQzVbG+8Q9ojlrGlpJXG7Cu+yyPx5OHd0dy1Rh759PmWegyipPAG0UQzBxucDvt0M9vgWHSv7KZ9w==",
      "dev": true,
      "bin": {
        "_bmocha": "bin/_bmocha",
        "bmocha": "bin/bmocha"
      },
      "engines": {
        "node": ">=8.0.0"
      }
    },
    "node_modules/bpkg": {
      "version": "0.6.2",
      "resolved": "https://registry.npmjs.org/bpkg/-/bpkg-0.6.2.tgz",
      "integrity": "sha512-nFFEwd3KO3Yv/O3cjrPGDq6/TWfvsEKQBc5TI95C8Qn/evNOqvcGuCUbquZrGkwzjHyD17qUkVNgKrMmVQ3ing==",
      "dev": true,
      "bin": {
        "bpkg": "bin/bpkg"
      },
      "engines": {
        "node": ">=8.0.0"
      }
    },
    "node_modules/brq": {
      "version": "0.1.8",
      "resolved": "https://registry.npmjs.org/brq/-/brq-0.1.8.tgz",
      "integrity": "sha512-6SDY1lJMKXgt5TZ6voJQMH2zV1XPWWtm203PSkx3DSg9AYNYuRfOPFSBDkNemabzgpzFW9/neR4YhTvyJml8rQ==",
      "dependencies": {
        "bsert": "~0.0.10"
      },
      "engines": {
        "node": ">=8.0.0"
      }
    },
    "node_modules/bsert": {
      "version": "0.0.10",
      "resolved": "git+ssh://git@github.com/chjj/bsert.git#bd09d49eab8644bca08ae8259a3d8756e7d453fc",
      "license": "MIT",
      "engines": {
        "node": ">=8.0.0"
      }
    },
    "node_modules/bsock": {
      "version": "0.1.9",
      "resolved": "https://registry.npmjs.org/bsock/-/bsock-0.1.9.tgz",
      "integrity": "sha512-/l9Kg/c5o+n/0AqreMxh2jpzDMl1ikl4gUxT7RFNe3A3YRIyZkiREhwcjmqxiymJSRI/Qhew357xGn1SLw/xEw==",
      "dependencies": {
        "bsert": "~0.0.10"
      },
      "engines": {
        "node": ">=8.0.0"
      }
    }
  },
  "dependencies": {
    "bcoin": {
      "version": "git+ssh://git@github.com/bcoin-org/bcoin.git#615a6d9f16688eceb15d3a65d1e6c8c510cc37d1",
      "dev": true,
      "from": "bcoin@github:bcoin-org/bcoin",
      "requires": {
        "bcfg": "git+https://github.com/bcoin-org/bcfg.git#semver:~0.1.7",
        "bcrypto": "git+https://github.com/bcoin-org/bcrypto.git#semver:~5.5.0",
        "bcurl": "git+https://github.com/bcoin-org/bcurl.git#semver:^0.2.0",
        "bdb": "git+https://github.com/bcoin-org/bdb.git#semver:~1.4.0",
        "bdns": "git+https://github.com/bcoin-org/bdns.git#semver:~0.1.5",
        "bevent": "git+https://github.com/bcoin-org/bevent.git#semver:~0.1.5",
        "bfile": "git+https://github.com/bcoin-org/bfile.git#semver:~0.2.1",
        "bfilter": "git+https://github.com/bcoin-org/bfilter.git#semver:~2.3.0",
        "bheep": "git+https://github.com/bcoin-org/bheep.git#semver:~0.1.5",
        "binet": "git+https://github.com/bcoin-org/binet.git#semver:~0.3.7",
        "blgr": "git+https://github.com/bcoin-org/blgr.git#semver:~0.2.0",
        "blru": "git+https://github.com/bcoin-org/blru.git#semver:~0.1.6",
        "blst": "git+https://github.com/bcoin-org/blst.git#semver:~0.1.5",
        "bmutex": "git+https://github.com/bcoin-org/bmutex.git#semver:~0.1.6",
        "brq": "git+https://github.com/bcoin-org/brq.git#semver:~0.1.8",
        "bs32": "git+https://github.com/bcoin-org/bs32.git#semver:=0.1.6",
        "bsert": "git+https://github.com/chjj/bsert.git#semver:~0.0.10",
        "bsock": "git+https://github.com/bcoin-org/bsock.git#semver:~0.1.9",
        "bsocks": "git+https://github.com/bcoin-org/bsocks.git#semver:~0.2.6",
        "btcp": "git+https://github.com/bcoin-org/btcp.git#semver:~0.1.5",
        "buffer-map": "git+https://github.com/chjj/buffer-map.git#semver:~0.0.7",
        "bufio": "git+https://github.com/bcoin-org/bufio.git#semver:~1.0.7",
        "bupnp": "git+https://github.com/bcoin-org/bupnp.git#semver:~0.2.6",
        "bval": "git+https://github.com/bcoin-org/bval.git#semver:~0.1.6",
        "bweb": "git+https://github.com/bcoin-org/bweb.git#semver:~0.1.10",
        "loady": "git+https://github.com/chjj/loady.git#semver:~0.0.1",
        "n64": "git+https://github.com/chjj/n64.git#semver:~0.2.10",
        "nan": "git+https://github.com/braydonf/nan.git#semver:=2.14.0"
      },
      "dependencies": {
        "bcfg": {
          "version": "0.1.7",
          "bundled": true,
          "dev": true,
          "requires": {
            "bsert": "~0.0.10"
          }
        },
        "bcrypto": {
          "version": "5.5.0",
          "bundled": true,
          "dev": true,
          "requires": {
            "bufio": "~1.0.7",
            "loady": "~0.0.5"
          }
        },
        "bcurl": {
          "version": "0.2.0",
          "bundled": true,
          "dev": true,
          "requires": {
            "brq": "~0.1.8",
            "bsert": "~0.0.10",
            "bsock": "~0.1.9"
          }
        },
        "bdb": {
          "version": "1.4.0",
          "bundled": true,
          "dev": true,
          "requires": {
            "bsert": "~0.0.10",
            "loady": "~0.0.5"
          }
        },
        "bdns": {
          "version": "0.1.5",
          "bundled": true,
          "dev": true,
          "requires": {
            "bsert": "~0.0.10"
          }
        },
        "bevent": {
          "version": "0.1.5",
          "bundled": true,
          "dev": true,
          "requires": {
            "bsert": "~0.0.10"
          }
        },
        "bfile": {
          "version": "0.2.2",
          "bundled": true,
          "dev": true
        },
        "bfilter": {
          "version": "2.3.0",
          "bundled": true,
          "dev": true,
          "requires": {
            "bcrypto": "git+https://github.com/bcoin-org/bcrypto.git#semver:~5.5.0",
            "bsert": "git+https://github.com/chjj/bsert.git#semver:~0.0.10",
            "bufio": "git+https://github.com/bcoin-org/bufio.git#semver:~1.0.6",
            "loady": "git+https://github.com/chjj/loady.git#semver:~0.0.1"
          }
        },
        "bheep": {
          "version": "0.1.5",
          "bundled": true,
          "dev": true,
          "requires": {
            "bsert": "~0.0.10"
          }
        },
        "binet": {
          "version": "0.3.7",
          "bundled": true,
          "dev": true,
          "requires": {
            "bs32": "~0.1.5",
            "bsert": "~0.0.10"
          }
        },
        "blgr": {
          "version": "0.2.0",
          "bundled": true,
          "dev": true,
          "requires": {
            "bsert": "~0.0.10"
          }
        },
        "blru": {
          "version": "0.1.6",
          "bundled": true,
          "dev": true,
          "requires": {
            "bsert": "~0.0.10"
          }
        },
        "blst": {
          "version": "0.1.5",
          "bundled": true,
          "dev": true,
          "requires": {
            "bsert": "~0.0.10"
          }
        },
        "bmutex": {
          "version": "0.1.6",
          "bundled": true,
          "dev": true,
          "requires": {
            "bsert": "~0.0.10"
          }
        },
        "brq": {
          "version": "0.1.8",
          "bundled": true,
          "dev": true,
          "requires": {
            "bsert": "~0.0.10"
          }
        },
        "bs32": {
          "version": "0.1.6",
          "bundled": true,
          "dev": true,
          "requires": {
            "bsert": "~0.0.10"
          }
        },
        "bsert": {
          "version": "0.0.10",
          "bundled": true,
          "dev": true
        },
        "bsock": {
          "version": "0.1.9",
          "bundled": true,
          "dev": true,
          "requires": {
            "bsert": "~0.0.10"
          }
        },
        "bsocks": {
          "version": "0.2.6",
          "bundled": true,
          "dev": true,
          "requires": {
            "binet": "~0.3.5",
            "bsert": "~0.0.10"
          }
        },
        "btcp": {
          "version": "0.1.5",
          "bundled": true,
          "dev": true
        },
        "buffer-map": {
          "version": "0.0.7",
          "bundled": true,
          "dev": true
        },
        "bufio": {
          "version": "1.0.7",
          "bundled": true,
          "dev": true
        },
        "bupnp": {
          "version": "0.2.6",
          "bundled": true,
          "dev": true,
          "requires": {
            "binet": "~0.3.5",
            "brq": "~0.1.7",
            "bsert": "~0.0.10"
          }
        },
        "bval": {
          "version": "0.1.6",
          "bundled": true,
          "dev": true,
          "requires": {
            "bsert": "~0.0.10"
          }
        },
        "bweb": {
          "version": "0.1.10",
          "bundled": true,
          "dev": true,
          "requires": {
            "bsert": "~0.0.10",
            "bsock": "~0.1.8"
          }
        },
        "loady": {
          "version": "0.0.5",
          "bundled": true,
          "dev": true
        },
        "n64": {
          "version": "0.2.10",
          "bundled": true,
          "dev": true
        },
        "nan": {
          "version": "2.14.0",
          "bundled": true,
          "dev": true
        }
      }
    },
    "bcurl": {
      "version": "0.2.0",
      "resolved": "https://registry.npmjs.org/bcurl/-/bcurl-0.2.0.tgz",
      "integrity": "sha512-uBWc/w3AqjAfo6/+ODoRSoY/w/C7UaU/9AYcXjxgObTyUf3lvV5jCuAU/dSZyWysDyWBQkPzllOd7KZkwJHnwg==",
      "requires": {
        "brq": "~0.1.8",
        "bsert": "~0.0.10",
        "bsock": "~0.1.9"
      }
    },
    "bmocha": {
      "version": "2.1.7",
      "resolved": "https://registry.npmjs.org/bmocha/-/bmocha-2.1.7.tgz",
      "integrity": "sha512-JaNhxnynduQzVbG+8Q9ojlrGlpJXG7Cu+yyPx5OHd0dy1Rh759PmWegyipPAG0UQzBxucDvt0M9vgWHSv7KZ9w==",
      "dev": true
    },
    "bpkg": {
      "version": "0.6.2",
      "resolved": "https://registry.npmjs.org/bpkg/-/bpkg-0.6.2.tgz",
      "integrity": "sha512-nFFEwd3KO3Yv/O3cjrPGDq6/TWfvsEKQBc5TI95C8Qn/evNOqvcGuCUbquZrGkwzjHyD17qUkVNgKrMmVQ3ing==",
      "dev": true
    },
    "brq": {
      "version": "0.1.8",
      "resolved": "https://registry.npmjs.org/brq/-/brq-0.1.8.tgz",
      "integrity": "sha512-6SDY1lJMKXgt5TZ6voJQMH2zV1XPWWtm203PSkx3DSg9AYNYuRfOPFSBDkNemabzgpzFW9/neR4YhTvyJml8rQ==",
      "requires": {
        "bsert": "~0.0.10"
      }
    },
    "bsert": {
      "version": "git+ssh://git@github.com/chjj/bsert.git#bd09d49eab8644bca08ae8259a3d8756e7d453fc",
      "from": "bsert@~0.0.10"
    },
    "bsock": {
      "version": "0.1.9",
      "resolved": "https://registry.npmjs.org/bsock/-/bsock-0.1.9.tgz",
      "integrity": "sha512-/l9Kg/c5o+n/0AqreMxh2jpzDMl1ikl4gUxT7RFNe3A3YRIyZkiREhwcjmqxiymJSRI/Qhew357xGn1SLw/xEw==",
      "requires": {
        "bsert": "~0.0.10"
      }
    }
  }
}
